// !$*UTF8*$!
{
	archiveVersion = 1;
	classes = {
	};
	objectVersion = 46;
	objects = {

/* Begin PBXBuildFile section */
		183AD8DC1E4B0CCB00161C02 /* main.m in Sources */ = {isa = PBXBuildFile; fileRef = 183AD8DB1E4B0CCB00161C02 /* main.m */; };
		183AD8DF1E4B0CCB00161C02 /* AppDelegate.m in Sources */ = {isa = PBXBuildFile; fileRef = 183AD8DE1E4B0CCB00161C02 /* AppDelegate.m */; };
		183AD8E51E4B0CCB00161C02 /* Main.storyboard in Resources */ = {isa = PBXBuildFile; fileRef = 183AD8E31E4B0CCB00161C02 /* Main.storyboard */; };
		183AD8E71E4B0CCB00161C02 /* Assets.xcassets in Resources */ = {isa = PBXBuildFile; fileRef = 183AD8E61E4B0CCB00161C02 /* Assets.xcassets */; };
		183AD8EA1E4B0CCB00161C02 /* LaunchScreen.storyboard in Resources */ = {isa = PBXBuildFile; fileRef = 183AD8E81E4B0CCB00161C02 /* LaunchScreen.storyboard */; };
		183AD9031E4B15DC00161C02 /* BaseDataManger.m in Sources */ = {isa = PBXBuildFile; fileRef = 183AD9021E4B15DC00161C02 /* BaseDataManger.m */; };
		183AD90C1E4B160F00161C02 /* BaseHttpDataManger.m in Sources */ = {isa = PBXBuildFile; fileRef = 183AD9051E4B160F00161C02 /* BaseHttpDataManger.m */; };
		183AD90D1E4B160F00161C02 /* BaseHttpModel.m in Sources */ = {isa = PBXBuildFile; fileRef = 183AD9071E4B160F00161C02 /* BaseHttpModel.m */; };
		183AD90E1E4B160F00161C02 /* BaseResponseModel.m in Sources */ = {isa = PBXBuildFile; fileRef = 183AD9091E4B160F00161C02 /* BaseResponseModel.m */; };
		183AD90F1E4B160F00161C02 /* BaseResquestModel.m in Sources */ = {isa = PBXBuildFile; fileRef = 183AD90B1E4B160F00161C02 /* BaseResquestModel.m */; };
		183AD9121E4B162600161C02 /* BaseModel.m in Sources */ = {isa = PBXBuildFile; fileRef = 183AD9111E4B162600161C02 /* BaseModel.m */; };
		183AD9151E4B18DC00161C02 /* NetWorkResquestTool.m in Sources */ = {isa = PBXBuildFile; fileRef = 183AD9141E4B18DC00161C02 /* NetWorkResquestTool.m */; };
		183AD91A1E4B1A6300161C02 /* LZBFuncTools.m in Sources */ = {isa = PBXBuildFile; fileRef = 183AD9191E4B1A6300161C02 /* LZBFuncTools.m */; };
		183AD91D1E4C053400161C02 /* KSContentModel.m in Sources */ = {isa = PBXBuildFile; fileRef = 183AD91C1E4C053400161C02 /* KSContentModel.m */; };
		183AD9201E4C05CC00161C02 /* KSCommitHttpModel.m in Sources */ = {isa = PBXBuildFile; fileRef = 183AD91F1E4C05CC00161C02 /* KSCommitHttpModel.m */; };
		183AD9231E4C07BF00161C02 /* KSCommitHttpDM.m in Sources */ = {isa = PBXBuildFile; fileRef = 183AD9221E4C07BF00161C02 /* KSCommitHttpDM.m */; };
		183AD9261E4C092E00161C02 /* ViewController.m in Sources */ = {isa = PBXBuildFile; fileRef = 183AD9251E4C092E00161C02 /* ViewController.m */; };
		183AD9291E4C0A1300161C02 /* LZBBaseDataController.m in Sources */ = {isa = PBXBuildFile; fileRef = 183AD9281E4C0A1300161C02 /* LZBBaseDataController.m */; };
		183AD92C1E4C0A6500161C02 /* LZBCommitDataController.m in Sources */ = {isa = PBXBuildFile; fileRef = 183AD92B1E4C0A6500161C02 /* LZBCommitDataController.m */; };
		183AD92F1E4C4BD400161C02 /* LZBImageViewTableViewCell.m in Sources */ = {isa = PBXBuildFile; fileRef = 183AD92E1E4C4BD400161C02 /* LZBImageViewTableViewCell.m */; };
		183AD9351E4C4E1A00161C02 /* default_head@2x.png in Resources */ = {isa = PBXBuildFile; fileRef = 183AD9311E4C4E1A00161C02 /* default_head@2x.png */; };
		183AD9361E4C4E1A00161C02 /* default_head@3x.png in Resources */ = {isa = PBXBuildFile; fileRef = 183AD9321E4C4E1A00161C02 /* default_head@3x.png */; };
		183AD9371E4C4E1A00161C02 /* default_photo@2x.png in Resources */ = {isa = PBXBuildFile; fileRef = 183AD9331E4C4E1A00161C02 /* default_photo@2x.png */; };
		183AD9381E4C4E1A00161C02 /* default_photo@3x.png in Resources */ = {isa = PBXBuildFile; fileRef = 183AD9341E4C4E1A00161C02 /* default_photo@3x.png */; };
		183AD93B1E4C4E2800161C02 /* me_other_followed@2x.png in Resources */ = {isa = PBXBuildFile; fileRef = 183AD9391E4C4E2800161C02 /* me_other_followed@2x.png */; };
		183AD93C1E4C4E2800161C02 /* me_other_followed@3x.png in Resources */ = {isa = PBXBuildFile; fileRef = 183AD93A1E4C4E2800161C02 /* me_other_followed@3x.png */; };
		183AD93F1E4C4ED000161C02 /* LZBImageViewTableViewCellViewModel.m in Sources */ = {isa = PBXBuildFile; fileRef = 183AD93E1E4C4ED000161C02 /* LZBImageViewTableViewCellViewModel.m */; };
		445CCE3B2E3C6E74A9613F96 /* libPods-LZBMVVMDemo.a in Frameworks */ = {isa = PBXBuildFile; fileRef = 94847D391A7A4A041B5BB14B /* libPods-LZBMVVMDemo.a */; };
/* End PBXBuildFile section */

/* Begin PBXFileReference section */
		183AD8D71E4B0CCB00161C02 /* LZBMVVMDemo.app */ = {isa = PBXFileReference; explicitFileType = wrapper.application; includeInIndex = 0; path = LZBMVVMDemo.app; sourceTree = BUILT_PRODUCTS_DIR; };
		183AD8DB1E4B0CCB00161C02 /* main.m */ = {isa = PBXFileReference; lastKnownFileType = sourcecode.c.objc; path = main.m; sourceTree = "<group>"; };
		183AD8DD1E4B0CCB00161C02 /* AppDelegate.h */ = {isa = PBXFileReference; lastKnownFileType = sourcecode.c.h; path = AppDelegate.h; sourceTree = "<group>"; };
		183AD8DE1E4B0CCB00161C02 /* AppDelegate.m */ = {isa = PBXFileReference; lastKnownFileType = sourcecode.c.objc; path = AppDelegate.m; sourceTree = "<group>"; };
		183AD8E41E4B0CCB00161C02 /* Base */ = {isa = PBXFileReference; lastKnownFileType = file.storyboard; name = Base; path = Base.lproj/Main.storyboard; sourceTree = "<group>"; };
		183AD8E61E4B0CCB00161C02 /* Assets.xcassets */ = {isa = PBXFileReference; lastKnownFileType = folder.assetcatalog; path = Assets.xcassets; sourceTree = "<group>"; };
		183AD8E91E4B0CCB00161C02 /* Base */ = {isa = PBXFileReference; lastKnownFileType = file.storyboard; name = Base; path = Base.lproj/LaunchScreen.storyboard; sourceTree = "<group>"; };
		183AD8EB1E4B0CCB00161C02 /* Info.plist */ = {isa = PBXFileReference; lastKnownFileType = text.plist.xml; path = Info.plist; sourceTree = "<group>"; };
		183AD9011E4B15DC00161C02 /* BaseDataManger.h */ = {isa = PBXFileReference; fileEncoding = 4; lastKnownFileType = sourcecode.c.h; path = BaseDataManger.h; sourceTree = "<group>"; };
		183AD9021E4B15DC00161C02 /* BaseDataManger.m */ = {isa = PBXFileReference; fileEncoding = 4; lastKnownFileType = sourcecode.c.objc; path = BaseDataManger.m; sourceTree = "<group>"; };
		183AD9041E4B160F00161C02 /* BaseHttpDataManger.h */ = {isa = PBXFileReference; fileEncoding = 4; lastKnownFileType = sourcecode.c.h; path = BaseHttpDataManger.h; sourceTree = "<group>"; };
		183AD9051E4B160F00161C02 /* BaseHttpDataManger.m */ = {isa = PBXFileReference; fileEncoding = 4; lastKnownFileType = sourcecode.c.objc; path = BaseHttpDataManger.m; sourceTree = "<group>"; };
		183AD9061E4B160F00161C02 /* BaseHttpModel.h */ = {isa = PBXFileReference; fileEncoding = 4; lastKnownFileType = sourcecode.c.h; path = BaseHttpModel.h; sourceTree = "<group>"; };
		183AD9071E4B160F00161C02 /* BaseHttpModel.m */ = {isa = PBXFileReference; fileEncoding = 4; lastKnownFileType = sourcecode.c.objc; path = BaseHttpModel.m; sourceTree = "<group>"; };
		183AD9081E4B160F00161C02 /* BaseResponseModel.h */ = {isa = PBXFileReference; fileEncoding = 4; lastKnownFileType = sourcecode.c.h; path = BaseResponseModel.h; sourceTree = "<group>"; };
		183AD9091E4B160F00161C02 /* BaseResponseModel.m */ = {isa = PBXFileReference; fileEncoding = 4; lastKnownFileType = sourcecode.c.objc; path = BaseResponseModel.m; sourceTree = "<group>"; };
		183AD90A1E4B160F00161C02 /* BaseResquestModel.h */ = {isa = PBXFileReference; fileEncoding = 4; lastKnownFileType = sourcecode.c.h; path = BaseResquestModel.h; sourceTree = "<group>"; };
		183AD90B1E4B160F00161C02 /* BaseResquestModel.m */ = {isa = PBXFileReference; fileEncoding = 4; lastKnownFileType = sourcecode.c.objc; path = BaseResquestModel.m; sourceTree = "<group>"; };
		183AD9101E4B162600161C02 /* BaseModel.h */ = {isa = PBXFileReference; fileEncoding = 4; lastKnownFileType = sourcecode.c.h; path = BaseModel.h; sourceTree = "<group>"; };
		183AD9111E4B162600161C02 /* BaseModel.m */ = {isa = PBXFileReference; fileEncoding = 4; lastKnownFileType = sourcecode.c.objc; path = BaseModel.m; sourceTree = "<group>"; };
		183AD9131E4B18DC00161C02 /* NetWorkResquestTool.h */ = {isa = PBXFileReference; fileEncoding = 4; lastKnownFileType = sourcecode.c.h; path = NetWorkResquestTool.h; sourceTree = "<group>"; };
		183AD9141E4B18DC00161C02 /* NetWorkResquestTool.m */ = {isa = PBXFileReference; fileEncoding = 4; lastKnownFileType = sourcecode.c.objc; path = NetWorkResquestTool.m; sourceTree = "<group>"; };
		183AD9161E4B193500161C02 /* Header.pch */ = {isa = PBXFileReference; lastKnownFileType = sourcecode.c.h; path = Header.pch; sourceTree = "<group>"; };
		183AD9171E4B198400161C02 /* LZBCommonMacros.h */ = {isa = PBXFileReference; fileEncoding = 4; lastKnownFileType = sourcecode.c.h; path = LZBCommonMacros.h; sourceTree = "<group>"; };
		183AD9181E4B1A6300161C02 /* LZBFuncTools.h */ = {isa = PBXFileReference; fileEncoding = 4; lastKnownFileType = sourcecode.c.h; path = LZBFuncTools.h; sourceTree = "<group>"; };
		183AD9191E4B1A6300161C02 /* LZBFuncTools.m */ = {isa = PBXFileReference; fileEncoding = 4; lastKnownFileType = sourcecode.c.objc; path = LZBFuncTools.m; sourceTree = "<group>"; };
		183AD91B1E4C053400161C02 /* KSContentModel.h */ = {isa = PBXFileReference; fileEncoding = 4; lastKnownFileType = sourcecode.c.h; path = KSContentModel.h; sourceTree = "<group>"; };
		183AD91C1E4C053400161C02 /* KSContentModel.m */ = {isa = PBXFileReference; fileEncoding = 4; lastKnownFileType = sourcecode.c.objc; path = KSContentModel.m; sourceTree = "<group>"; };
		183AD91E1E4C05CC00161C02 /* KSCommitHttpModel.h */ = {isa = PBXFileReference; fileEncoding = 4; lastKnownFileType = sourcecode.c.h; path = KSCommitHttpModel.h; sourceTree = "<group>"; };
		183AD91F1E4C05CC00161C02 /* KSCommitHttpModel.m */ = {isa = PBXFileReference; fileEncoding = 4; lastKnownFileType = sourcecode.c.objc; path = KSCommitHttpModel.m; sourceTree = "<group>"; };
		183AD9211E4C07BF00161C02 /* KSCommitHttpDM.h */ = {isa = PBXFileReference; fileEncoding = 4; lastKnownFileType = sourcecode.c.h; path = KSCommitHttpDM.h; sourceTree = "<group>"; };
		183AD9221E4C07BF00161C02 /* KSCommitHttpDM.m */ = {isa = PBXFileReference; fileEncoding = 4; lastKnownFileType = sourcecode.c.objc; path = KSCommitHttpDM.m; sourceTree = "<group>"; };
		183AD9241E4C092E00161C02 /* ViewController.h */ = {isa = PBXFileReference; fileEncoding = 4; lastKnownFileType = sourcecode.c.h; path = ViewController.h; sourceTree = "<group>"; };
		183AD9251E4C092E00161C02 /* ViewController.m */ = {isa = PBXFileReference; fileEncoding = 4; lastKnownFileType = sourcecode.c.objc; path = ViewController.m; sourceTree = "<group>"; };
		183AD9271E4C0A1300161C02 /* LZBBaseDataController.h */ = {isa = PBXFileReference; fileEncoding = 4; lastKnownFileType = sourcecode.c.h; path = LZBBaseDataController.h; sourceTree = "<group>"; };
		183AD9281E4C0A1300161C02 /* LZBBaseDataController.m */ = {isa = PBXFileReference; fileEncoding = 4; lastKnownFileType = sourcecode.c.objc; path = LZBBaseDataController.m; sourceTree = "<group>"; };
		183AD92A1E4C0A6500161C02 /* LZBCommitDataController.h */ = {isa = PBXFileReference; fileEncoding = 4; lastKnownFileType = sourcecode.c.h; path = LZBCommitDataController.h; sourceTree = "<group>"; };
		183AD92B1E4C0A6500161C02 /* LZBCommitDataController.m */ = {isa = PBXFileReference; fileEncoding = 4; lastKnownFileType = sourcecode.c.objc; path = LZBCommitDataController.m; sourceTree = "<group>"; };
		183AD92D1E4C4BD400161C02 /* LZBImageViewTableViewCell.h */ = {isa = PBXFileReference; fileEncoding = 4; lastKnownFileType = sourcecode.c.h; path = LZBImageViewTableViewCell.h; sourceTree = "<group>"; };
		183AD92E1E4C4BD400161C02 /* LZBImageViewTableViewCell.m */ = {isa = PBXFileReference; fileEncoding = 4; lastKnownFileType = sourcecode.c.objc; path = LZBImageViewTableViewCell.m; sourceTree = "<group>"; };
		183AD9311E4C4E1A00161C02 /* default_head@2x.png */ = {isa = PBXFileReference; lastKnownFileType = image.png; path = "default_head@2x.png"; sourceTree = "<group>"; };
		183AD9321E4C4E1A00161C02 /* default_head@3x.png */ = {isa = PBXFileReference; lastKnownFileType = image.png; path = "default_head@3x.png"; sourceTree = "<group>"; };
		183AD9331E4C4E1A00161C02 /* default_photo@2x.png */ = {isa = PBXFileReference; lastKnownFileType = image.png; path = "default_photo@2x.png"; sourceTree = "<group>"; };
		183AD9341E4C4E1A00161C02 /* default_photo@3x.png */ = {isa = PBXFileReference; lastKnownFileType = image.png; path = "default_photo@3x.png"; sourceTree = "<group>"; };
		183AD9391E4C4E2800161C02 /* me_other_followed@2x.png */ = {isa = PBXFileReference; lastKnownFileType = image.png; path = "me_other_followed@2x.png"; sourceTree = "<group>"; };
		183AD93A1E4C4E2800161C02 /* me_other_followed@3x.png */ = {isa = PBXFileReference; lastKnownFileType = image.png; path = "me_other_followed@3x.png"; sourceTree = "<group>"; };
		183AD93D1E4C4ED000161C02 /* LZBImageViewTableViewCellViewModel.h */ = {isa = PBXFileReference; fileEncoding = 4; lastKnownFileType = sourcecode.c.h; path = LZBImageViewTableViewCellViewModel.h; sourceTree = "<group>"; };
		183AD93E1E4C4ED000161C02 /* LZBImageViewTableViewCellViewModel.m */ = {isa = PBXFileReference; fileEncoding = 4; lastKnownFileType = sourcecode.c.objc; path = LZBImageViewTableViewCellViewModel.m; sourceTree = "<group>"; };
		5BB666EACBC4D2280CB520A0 /* Pods-LZBMVVMDemo.release.xcconfig */ = {isa = PBXFileReference; includeInIndex = 1; lastKnownFileType = text.xcconfig; name = "Pods-LZBMVVMDemo.release.xcconfig"; path = "Pods/Target Support Files/Pods-LZBMVVMDemo/Pods-LZBMVVMDemo.release.xcconfig"; sourceTree = "<group>"; };
		94847D391A7A4A041B5BB14B /* libPods-LZBMVVMDemo.a */ = {isa = PBXFileReference; explicitFileType = archive.ar; includeInIndex = 0; path = "libPods-LZBMVVMDemo.a"; sourceTree = BUILT_PRODUCTS_DIR; };
		C3C9532A5E60CAF6C80A88DE /* Pods-LZBMVVMDemo.debug.xcconfig */ = {isa = PBXFileReference; includeInIndex = 1; lastKnownFileType = text.xcconfig; name = "Pods-LZBMVVMDemo.debug.xcconfig"; path = "Pods/Target Support Files/Pods-LZBMVVMDemo/Pods-LZBMVVMDemo.debug.xcconfig"; sourceTree = "<group>"; };
/* End PBXFileReference section */

/* Begin PBXFrameworksBuildPhase section */
		183AD8D41E4B0CCB00161C02 /* Frameworks */ = {
			isa = PBXFrameworksBuildPhase;
			buildActionMask = 2147483647;
			files = (
				445CCE3B2E3C6E74A9613F96 /* libPods-LZBMVVMDemo.a in Frameworks */,
			);
			runOnlyForDeploymentPostprocessing = 0;
		};
/* End PBXFrameworksBuildPhase section */

/* Begin PBXGroup section */
		183AD8CE1E4B0CCB00161C02 = {
			isa = PBXGroup;
			children = (
				183AD8D91E4B0CCB00161C02 /* LZBMVVMDemo */,
				183AD8D81E4B0CCB00161C02 /* Products */,
				E05CF711E6C3CD0E09521A7D /* Pods */,
				FB49F10446D85947FF895D45 /* Frameworks */,
			);
			sourceTree = "<group>";
		};
		183AD8D81E4B0CCB00161C02 /* Products */ = {
			isa = PBXGroup;
			children = (
				183AD8D71E4B0CCB00161C02 /* LZBMVVMDemo.app */,
			);
			name = Products;
			sourceTree = "<group>";
		};
		183AD8D91E4B0CCB00161C02 /* LZBMVVMDemo */ = {
			isa = PBXGroup;
			children = (
				183AD8F11E4B158000161C02 /* Common */,
				183AD8F41E4B159100161C02 /* Modules */,
				183AD8DD1E4B0CCB00161C02 /* AppDelegate.h */,
				183AD8DE1E4B0CCB00161C02 /* AppDelegate.m */,
				183AD8E31E4B0CCB00161C02 /* Main.storyboard */,
				183AD8E61E4B0CCB00161C02 /* Assets.xcassets */,
				183AD8E81E4B0CCB00161C02 /* LaunchScreen.storyboard */,
				183AD8EB1E4B0CCB00161C02 /* Info.plist */,
				183AD8DA1E4B0CCB00161C02 /* Supporting Files */,
				183AD9161E4B193500161C02 /* Header.pch */,
			);
			path = LZBMVVMDemo;
			sourceTree = "<group>";
		};
		183AD8DA1E4B0CCB00161C02 /* Supporting Files */ = {
			isa = PBXGroup;
			children = (
				183AD8DB1E4B0CCB00161C02 /* main.m */,
			);
			name = "Supporting Files";
			sourceTree = "<group>";
		};
		183AD8F11E4B158000161C02 /* Common */ = {
			isa = PBXGroup;
			children = (
				183AD9181E4B1A6300161C02 /* LZBFuncTools.h */,
				183AD9191E4B1A6300161C02 /* LZBFuncTools.m */,
				183AD9171E4B198400161C02 /* LZBCommonMacros.h */,
				183AD8F21E4B158000161C02 /* Base */,
				183AD8F31E4B158000161C02 /* NetWork */,
			);
			path = Common;
			sourceTree = "<group>";
		};
		183AD8F21E4B158000161C02 /* Base */ = {
			isa = PBXGroup;
			children = (
				183AD8FE1E4B15C300161C02 /* Controller */,
				183AD8FF1E4B15C300161C02 /* Model */,
				183AD9001E4B15C300161C02 /* View */,
			);
			path = Base;
			sourceTree = "<group>";
		};
		183AD8F31E4B158000161C02 /* NetWork */ = {
			isa = PBXGroup;
			children = (
				183AD9131E4B18DC00161C02 /* NetWorkResquestTool.h */,
				183AD9141E4B18DC00161C02 /* NetWorkResquestTool.m */,
				183AD9041E4B160F00161C02 /* BaseHttpDataManger.h */,
				183AD9051E4B160F00161C02 /* BaseHttpDataManger.m */,
				183AD9061E4B160F00161C02 /* BaseHttpModel.h */,
				183AD9071E4B160F00161C02 /* BaseHttpModel.m */,
				183AD9081E4B160F00161C02 /* BaseResponseModel.h */,
				183AD9091E4B160F00161C02 /* BaseResponseModel.m */,
				183AD90A1E4B160F00161C02 /* BaseResquestModel.h */,
				183AD90B1E4B160F00161C02 /* BaseResquestModel.m */,
			);
			path = NetWork;
			sourceTree = "<group>";
		};
		183AD8F41E4B159100161C02 /* Modules */ = {
			isa = PBXGroup;
			children = (
				183AD8F51E4B159100161C02 /* Test */,
			);
			path = Modules;
			sourceTree = "<group>";
		};
		183AD8F51E4B159100161C02 /* Test */ = {
			isa = PBXGroup;
			children = (
				183AD9301E4C4E0500161C02 /* Resourse */,
				183AD8F61E4B159100161C02 /* Controller */,
				183AD8F91E4B159100161C02 /* Model */,
				183AD8FD1E4B159100161C02 /* View */,
			);
			path = Test;
			sourceTree = "<group>";
		};
		183AD8F61E4B159100161C02 /* Controller */ = {
			isa = PBXGroup;
			children = (
				183AD8F71E4B159100161C02 /* DataVC */,
				183AD8F81E4B159100161C02 /* VC */,
			);
			path = Controller;
			sourceTree = "<group>";
		};
		183AD8F71E4B159100161C02 /* DataVC */ = {
			isa = PBXGroup;
			children = (
				183AD92A1E4C0A6500161C02 /* LZBCommitDataController.h */,
				183AD92B1E4C0A6500161C02 /* LZBCommitDataController.m */,
			);
			path = DataVC;
			sourceTree = "<group>";
		};
		183AD8F81E4B159100161C02 /* VC */ = {
			isa = PBXGroup;
			children = (
				183AD9241E4C092E00161C02 /* ViewController.h */,
				183AD9251E4C092E00161C02 /* ViewController.m */,
			);
			path = VC;
			sourceTree = "<group>";
		};
		183AD8F91E4B159100161C02 /* Model */ = {
			isa = PBXGroup;
			children = (
				183AD8FA1E4B159100161C02 /* DM */,
				183AD8FB1E4B159100161C02 /* Http */,
				183AD8FC1E4B159100161C02 /* ViewModel */,
			);
			path = Model;
			sourceTree = "<group>";
		};
		183AD8FA1E4B159100161C02 /* DM */ = {
			isa = PBXGroup;
			children = (
				183AD9211E4C07BF00161C02 /* KSCommitHttpDM.h */,
				183AD9221E4C07BF00161C02 /* KSCommitHttpDM.m */,
			);
			path = DM;
			sourceTree = "<group>";
		};
		183AD8FB1E4B159100161C02 /* Http */ = {
			isa = PBXGroup;
			children = (
				183AD91B1E4C053400161C02 /* KSContentModel.h */,
				183AD91C1E4C053400161C02 /* KSContentModel.m */,
				183AD91E1E4C05CC00161C02 /* KSCommitHttpModel.h */,
				183AD91F1E4C05CC00161C02 /* KSCommitHttpModel.m */,
			);
			path = Http;
			sourceTree = "<group>";
		};
		183AD8FC1E4B159100161C02 /* ViewModel */ = {
			isa = PBXGroup;
			children = (
				183AD93D1E4C4ED000161C02 /* LZBImageViewTableViewCellViewModel.h */,
				183AD93E1E4C4ED000161C02 /* LZBImageViewTableViewCellViewModel.m */,
			);
			path = ViewModel;
			sourceTree = "<group>";
		};
		183AD8FD1E4B159100161C02 /* View */ = {
			isa = PBXGroup;
			children = (
				183AD92D1E4C4BD400161C02 /* LZBImageViewTableViewCell.h */,
				183AD92E1E4C4BD400161C02 /* LZBImageViewTableViewCell.m */,
			);
			path = View;
			sourceTree = "<group>";
		};
		183AD8FE1E4B15C300161C02 /* Controller */ = {
			isa = PBXGroup;
			children = (
				183AD9271E4C0A1300161C02 /* LZBBaseDataController.h */,
				183AD9281E4C0A1300161C02 /* LZBBaseDataController.m */,
			);
			path = Controller;
			sourceTree = "<group>";
		};
		183AD8FF1E4B15C300161C02 /* Model */ = {
			isa = PBXGroup;
			children = (
				183AD9101E4B162600161C02 /* BaseModel.h */,
				183AD9111E4B162600161C02 /* BaseModel.m */,
				183AD9011E4B15DC00161C02 /* BaseDataManger.h */,
				183AD9021E4B15DC00161C02 /* BaseDataManger.m */,
			);
			path = Model;
			sourceTree = "<group>";
		};
		183AD9001E4B15C300161C02 /* View */ = {
			isa = PBXGroup;
			children = (
			);
			path = View;
			sourceTree = "<group>";
		};
		183AD9301E4C4E0500161C02 /* Resourse */ = {
			isa = PBXGroup;
			children = (
				183AD9391E4C4E2800161C02 /* me_other_followed@2x.png */,
				183AD93A1E4C4E2800161C02 /* me_other_followed@3x.png */,
				183AD9311E4C4E1A00161C02 /* default_head@2x.png */,
				183AD9321E4C4E1A00161C02 /* default_head@3x.png */,
				183AD9331E4C4E1A00161C02 /* default_photo@2x.png */,
				183AD9341E4C4E1A00161C02 /* default_photo@3x.png */,
			);
			path = Resourse;
			sourceTree = "<group>";
		};
		E05CF711E6C3CD0E09521A7D /* Pods */ = {
			isa = PBXGroup;
			children = (
				C3C9532A5E60CAF6C80A88DE /* Pods-LZBMVVMDemo.debug.xcconfig */,
				5BB666EACBC4D2280CB520A0 /* Pods-LZBMVVMDemo.release.xcconfig */,
			);
			name = Pods;
			sourceTree = "<group>";
		};
		FB49F10446D85947FF895D45 /* Frameworks */ = {
			isa = PBXGroup;
			children = (
				94847D391A7A4A041B5BB14B /* libPods-LZBMVVMDemo.a */,
			);
			name = Frameworks;
			sourceTree = "<group>";
		};
/* End PBXGroup section */

/* Begin PBXNativeTarget section */
		183AD8D61E4B0CCB00161C02 /* LZBMVVMDemo */ = {
			isa = PBXNativeTarget;
			buildConfigurationList = 183AD8EE1E4B0CCB00161C02 /* Build configuration list for PBXNativeTarget "LZBMVVMDemo" */;
			buildPhases = (
				BDD73487529DD37720A3F861 /* [CP] Check Pods Manifest.lock */,
				183AD8D31E4B0CCB00161C02 /* Sources */,
				183AD8D41E4B0CCB00161C02 /* Frameworks */,
				183AD8D51E4B0CCB00161C02 /* Resources */,
				34F8D1A4FB7BBF7162DF3409 /* [CP] Embed Pods Frameworks */,
				4E3A8460829C2E77A3C3D631 /* [CP] Copy Pods Resources */,
			);
			buildRules = (
			);
			dependencies = (
			);
			name = LZBMVVMDemo;
			productName = LZBMVVMDemo;
			productReference = 183AD8D71E4B0CCB00161C02 /* LZBMVVMDemo.app */;
			productType = "com.apple.product-type.application";
		};
/* End PBXNativeTarget section */

/* Begin PBXProject section */
		183AD8CF1E4B0CCB00161C02 /* Project object */ = {
			isa = PBXProject;
			attributes = {
				LastUpgradeCheck = 0820;
				ORGANIZATIONNAME = apple;
				TargetAttributes = {
					183AD8D61E4B0CCB00161C02 = {
						CreatedOnToolsVersion = 8.2.1;
						DevelopmentTeam = 8LYGY3ZDDQ;
						ProvisioningStyle = Automatic;
					};
				};
			};
			buildConfigurationList = 183AD8D21E4B0CCB00161C02 /* Build configuration list for PBXProject "LZBMVVMDemo" */;
			compatibilityVersion = "Xcode 3.2";
			developmentRegion = English;
			hasScannedForEncodings = 0;
			knownRegions = (
				en,
				Base,
			);
			mainGroup = 183AD8CE1E4B0CCB00161C02;
			productRefGroup = 183AD8D81E4B0CCB00161C02 /* Products */;
			projectDirPath = "";
			projectRoot = "";
			targets = (
				183AD8D61E4B0CCB00161C02 /* LZBMVVMDemo */,
			);
		};
/* End PBXProject section */

/* Begin PBXResourcesBuildPhase section */
		183AD8D51E4B0CCB00161C02 /* Resources */ = {
			isa = PBXResourcesBuildPhase;
			buildActionMask = 2147483647;
			files = (
				183AD8EA1E4B0CCB00161C02 /* LaunchScreen.storyboard in Resources */,
				183AD8E71E4B0CCB00161C02 /* Assets.xcassets in Resources */,
				183AD9351E4C4E1A00161C02 /* default_head@2x.png in Resources */,
				183AD93B1E4C4E2800161C02 /* me_other_followed@2x.png in Resources */,
				183AD93C1E4C4E2800161C02 /* me_other_followed@3x.png in Resources */,
				183AD9371E4C4E1A00161C02 /* default_photo@2x.png in Resources */,
				183AD8E51E4B0CCB00161C02 /* Main.storyboard in Resources */,
				183AD9381E4C4E1A00161C02 /* default_photo@3x.png in Resources */,
				183AD9361E4C4E1A00161C02 /* default_head@3x.png in Resources */,
			);
			runOnlyForDeploymentPostprocessing = 0;
		};
/* End PBXResourcesBuildPhase section */

/* Begin PBXShellScriptBuildPhase section */
		34F8D1A4FB7BBF7162DF3409 /* [CP] Embed Pods Frameworks */ = {
			isa = PBXShellScriptBuildPhase;
			buildActionMask = 2147483647;
			files = (
			);
			inputPaths = (
			);
			name = "[CP] Embed Pods Frameworks";
			outputPaths = (
			);
			runOnlyForDeploymentPostprocessing = 0;
			shellPath = /bin/sh;
			shellScript = "\"${SRCROOT}/Pods/Target Support Files/Pods-LZBMVVMDemo/Pods-LZBMVVMDemo-frameworks.sh\"\n";
			showEnvVarsInLog = 0;
		};
		4E3A8460829C2E77A3C3D631 /* [CP] Copy Pods Resources */ = {
			isa = PBXShellScriptBuildPhase;
			buildActionMask = 2147483647;
			files = (
			);
			inputPaths = (
			);
			name = "[CP] Copy Pods Resources";
			outputPaths = (
			);
			runOnlyForDeploymentPostprocessing = 0;
			shellPath = /bin/sh;
			shellScript = "\"${SRCROOT}/Pods/Target Support Files/Pods-LZBMVVMDemo/Pods-LZBMVVMDemo-resources.sh\"\n";
			showEnvVarsInLog = 0;
		};
		BDD73487529DD37720A3F861 /* [CP] Check Pods Manifest.lock */ = {
			isa = PBXShellScriptBuildPhase;
			buildActionMask = 2147483647;
			files = (
			);
			inputPaths = (
			);
			name = "[CP] Check Pods Manifest.lock";
			outputPaths = (
			);
			runOnlyForDeploymentPostprocessing = 0;
			shellPath = /bin/sh;
			shellScript = "diff \"${PODS_ROOT}/../Podfile.lock\" \"${PODS_ROOT}/Manifest.lock\" > /dev/null\nif [ $? != 0 ] ; then\n    # print error to STDERR\n    echo \"error: The sandbox is not in sync with the Podfile.lock. Run 'pod install' or update your CocoaPods installation.\" >&2\n    exit 1\nfi\n";
			showEnvVarsInLog = 0;
		};
/* End PBXShellScriptBuildPhase section */

/* Begin PBXSourcesBuildPhase section */
		183AD8D31E4B0CCB00161C02 /* Sources */ = {
			isa = PBXSourcesBuildPhase;
			buildActionMask = 2147483647;
			files = (
				183AD9261E4C092E00161C02 /* ViewController.m in Sources */,
				183AD9291E4C0A1300161C02 /* LZBBaseDataController.m in Sources */,
				183AD9121E4B162600161C02 /* BaseModel.m in Sources */,
				183AD92C1E4C0A6500161C02 /* LZBCommitDataController.m in Sources */,
				183AD91A1E4B1A6300161C02 /* LZBFuncTools.m in Sources */,
				183AD92F1E4C4BD400161C02 /* LZBImageViewTableViewCell.m in Sources */,
				183AD9201E4C05CC00161C02 /* KSCommitHttpModel.m in Sources */,
				183AD9151E4B18DC00161C02 /* NetWorkResquestTool.m in Sources */,
				183AD90E1E4B160F00161C02 /* BaseResponseModel.m in Sources */,
				183AD91D1E4C053400161C02 /* KSContentModel.m in Sources */,
				183AD90C1E4B160F00161C02 /* BaseHttpDataManger.m in Sources */,
				183AD8DF1E4B0CCB00161C02 /* AppDelegate.m in Sources */,
				183AD9031E4B15DC00161C02 /* BaseDataManger.m in Sources */,
				183AD90D1E4B160F00161C02 /* BaseHttpModel.m in Sources */,
				183AD9231E4C07BF00161C02 /* KSCommitHttpDM.m in Sources */,
				183AD90F1E4B160F00161C02 /* BaseResquestModel.m in Sources */,
				183AD93F1E4C4ED000161C02 /* LZBImageViewTableViewCellViewModel.m in Sources */,
				183AD8DC1E4B0CCB00161C02 /* main.m in Sources */,
			);
			runOnlyForDeploymentPostprocessing = 0;
		};
/* End PBXSourcesBuildPhase section */

/* Begin PBXVariantGroup section */
		183AD8E31E4B0CCB00161C02 /* Main.storyboard */ = {
			isa = PBXVariantGroup;
			children = (
				183AD8E41E4B0CCB00161C02 /* Base */,
			);
			name = Main.storyboard;
			sourceTree = "<group>";
		};
		183AD8E81E4B0CCB00161C02 /* LaunchScreen.storyboard */ = {
			isa = PBXVariantGroup;
			children = (
				183AD8E91E4B0CCB00161C02 /* Base */,
			);
			name = LaunchScreen.storyboard;
			sourceTree = "<group>";
		};
/* End PBXVariantGroup section */

/* Begin XCBuildConfiguration section */
		183AD8EC1E4B0CCB00161C02 /* Debug */ = {
			isa = XCBuildConfiguration;
			buildSettings = {
				ALWAYS_SEARCH_USER_PATHS = NO;
				CLANG_ANALYZER_NONNULL = YES;
				CLANG_CXX_LANGUAGE_STANDARD = "gnu++0x";
				CLANG_CXX_LIBRARY = "libc++";
				CLANG_ENABLE_MODULES = YES;
				CLANG_ENABLE_OBJC_ARC = YES;
				CLANG_WARN_BOOL_CONVERSION = YES;
				CLANG_WARN_CONSTANT_CONVERSION = YES;
				CLANG_WARN_DIRECT_OBJC_ISA_USAGE = YES_ERROR;
				CLANG_WARN_DOCUMENTATION_COMMENTS = YES;
				CLANG_WARN_EMPTY_BODY = YES;
				CLANG_WARN_ENUM_CONVERSION = YES;
				CLANG_WARN_INFINITE_RECURSION = YES;
				CLANG_WARN_INT_CONVERSION = YES;
				CLANG_WARN_OBJC_ROOT_CLASS = YES_ERROR;
				CLANG_WARN_SUSPICIOUS_MOVE = YES;
				CLANG_WARN_UNREACHABLE_CODE = YES;
				CLANG_WARN__DUPLICATE_METHOD_MATCH = YES;
				"CODE_SIGN_IDENTITY[sdk=iphoneos*]" = "iPhone Developer";
				COPY_PHASE_STRIP = NO;
				DEBUG_INFORMATION_FORMAT = dwarf;
				ENABLE_STRICT_OBJC_MSGSEND = YES;
				ENABLE_TESTABILITY = YES;
				GCC_C_LANGUAGE_STANDARD = gnu99;
				GCC_DYNAMIC_NO_PIC = NO;
				GCC_NO_COMMON_BLOCKS = YES;
				GCC_OPTIMIZATION_LEVEL = 0;
				GCC_PREPROCESSOR_DEFINITIONS = (
					"DEBUG=1",
					"$(inherited)",
				);
				GCC_WARN_64_TO_32_BIT_CONVERSION = YES;
				GCC_WARN_ABOUT_RETURN_TYPE = YES_ERROR;
				GCC_WARN_UNDECLARED_SELECTOR = YES;
				GCC_WARN_UNINITIALIZED_AUTOS = YES_AGGRESSIVE;
				GCC_WARN_UNUSED_FUNCTION = YES;
				GCC_WARN_UNUSED_VARIABLE = YES;
				IPHONEOS_DEPLOYMENT_TARGET = 10.2;
				MTL_ENABLE_DEBUG_INFO = YES;
				ONLY_ACTIVE_ARCH = YES;
				SDKROOT = iphoneos;
			};
			name = Debug;
		};
		183AD8ED1E4B0CCB00161C02 /* Release */ = {
			isa = XCBuildConfiguration;
			buildSettings = {
				ALWAYS_SEARCH_USER_PATHS = NO;
				CLANG_ANALYZER_NONNULL = YES;
				CLANG_CXX_LANGUAGE_STANDARD = "gnu++0x";
				CLANG_CXX_LIBRARY = "libc++";
				CLANG_ENABLE_MODULES = YES;
				CLANG_ENABLE_OBJC_ARC = YES;
				CLANG_WARN_BOOL_CONVERSION = YES;
				CLANG_WARN_CONSTANT_CONVERSION = YES;
				CLANG_WARN_DIRECT_OBJC_ISA_USAGE = YES_ERROR;
				CLANG_WARN_DOCUMENTATION_COMMENTS = YES;
				CLANG_WARN_EMPTY_BODY = YES;
				CLANG_WARN_ENUM_CONVERSION = YES;
				CLANG_WARN_INFINITE_RECURSION = YES;
				CLANG_WARN_INT_CONVERSION = YES;
				CLANG_WARN_OBJC_ROOT_CLASS = YES_ERROR;
				CLANG_WARN_SUSPICIOUS_MOVE = YES;
				CLANG_WARN_UNREACHABLE_CODE = YES;
				CLANG_WARN__DUPLICATE_METHOD_MATCH = YES;
				"CODE_SIGN_IDENTITY[sdk=iphoneos*]" = "iPhone Developer";
				COPY_PHASE_STRIP = NO;
				DEBUG_INFORMATION_FORMAT = "dwarf-with-dsym";
				ENABLE_NS_ASSERTIONS = NO;
				ENABLE_STRICT_OBJC_MSGSEND = YES;
				GCC_C_LANGUAGE_STANDARD = gnu99;
				GCC_NO_COMMON_BLOCKS = YES;
				GCC_WARN_64_TO_32_BIT_CONVERSION = YES;
				GCC_WARN_ABOUT_RETURN_TYPE = YES_ERROR;
				GCC_WARN_UNDECLARED_SELECTOR = YES;
				GCC_WARN_UNINITIALIZED_AUTOS = YES_AGGRESSIVE;
				GCC_WARN_UNUSED_FUNCTION = YES;
				GCC_WARN_UNUSED_VARIABLE = YES;
				IPHONEOS_DEPLOYMENT_TARGET = 10.2;
				MTL_ENABLE_DEBUG_INFO = NO;
				SDKROOT = iphoneos;
				VALIDATE_PRODUCT = YES;
			};
			name = Release;
		};
		183AD8EF1E4B0CCB00161C02 /* Debug */ = {
			isa = XCBuildConfiguration;
			baseConfigurationReference = C3C9532A5E60CAF6C80A88DE /* Pods-LZBMVVMDemo.debug.xcconfig */;
			buildSettings = {
				ASSETCATALOG_COMPILER_APPICON_NAME = AppIcon;
				DEVELOPMENT_TEAM = 8LYGY3ZDDQ;
				GCC_PREFIX_HEADER = /Users/apple/Documents/demo/github/LZBMVVMDemo/LZBMVVMDemo/LZBMVVMDemo/Common/LZBCommonMacros.h;
				INFOPLIST_FILE = LZBMVVMDemo/Info.plist;
				LD_RUNPATH_SEARCH_PATHS = "$(inherited) @executable_path/Frameworks";
				PRODUCT_BUNDLE_IDENTIFIER = "-23334.LZBMVVMDemo";
				PRODUCT_NAME = "$(TARGET_NAME)";
			};
			name = Debug;
		};
		183AD8F01E4B0CCB00161C02 /* Release */ = {
			isa = XCBuildConfiguration;
			baseConfigurationReference = 5BB666EACBC4D2280CB520A0 /* Pods-LZBMVVMDemo.release.xcconfig */;
			buildSettings = {
				ASSETCATALOG_COMPILER_APPICON_NAME = AppIcon;
				DEVELOPMENT_TEAM = 8LYGY3ZDDQ;
				GCC_PREFIX_HEADER = /Users/apple/Documents/demo/github/LZBMVVMDemo/LZBMVVMDemo/LZBMVVMDemo/Common/LZBCommonMacros.h;
				INFOPLIST_FILE = LZBMVVMDemo/Info.plist;
				LD_RUNPATH_SEARCH_PATHS = "$(inherited) @executable_path/Frameworks";
				PRODUCT_BUNDLE_IDENTIFIER = "-23334.LZBMVVMDemo";
				PRODUCT_NAME = "$(TARGET_NAME)";
			};
			name = Release;
		};
/* End XCBuildConfiguration section */

/* Begin XCConfigurationList section */
		183AD8D21E4B0CCB00161C02 /* Build configuration list for PBXProject "LZBMVVMDemo" */ = {
			isa = XCConfigurationList;
			buildConfigurations = (
				183AD8EC1E4B0CCB00161C02 /* Debug */,
				183AD8ED1E4B0CCB00161C02 /* Release */,
			);
			defaultConfigurationIsVisible = 0;
			defaultConfigurationName = Release;
		};
		183AD8EE1E4B0CCB00161C02 /* Build configuration list for PBXNativeTarget "LZBMVVMDemo" */ = {
			isa = XCConfigurationList;
			buildConfigurations = (
				183AD8EF1E4B0CCB00161C02 /* Debug */,
				183AD8F01E4B0CCB00161C02 /* Release */,
			);
			defaultConfigurationIsVisible = 0;
			defaultConfigurationName = Release;
		};
/* End XCConfigurationList section */
	};
	rootObject = 183AD8CF1E4B0CCB00161C02 /* Project object */;
}
